
Microsoft Visual Studio Solution File, Format Version 12.00
Project("{2150E333-8FDC-42A3-9474-1A3956D46DE8}") = "BehaviouralPatterns", "BehaviouralPatterns", "{E337D543-F1F8-4B16-B3D0-EB5A2FD11B3D}"
EndProject
Project("{2150E333-8FDC-42A3-9474-1A3956D46DE8}") = "CreationalPatterns", "CreationalPatterns", "{030D4F49-ED34-4940-B77D-5DDD558289DC}"
EndProject
Project("{2150E333-8FDC-42A3-9474-1A3956D46DE8}") = "StructuralPattern", "StructuralPattern", "{3825BE15-1F39-4E1F-BBA4-7F95C613428F}"
EndProject
Project("{FAE04EC0-301F-11D3-BF4B-00C04F79EFBC}") = "Mediator", "Mediator\Mediator.csproj", "{D9DAD770-CFF1-43C5-8DD7-DDE83ECBAA0F}"
EndProject
Project("{FAE04EC0-301F-11D3-BF4B-00C04F79EFBC}") = "Adapter", "Adapter\Adapter.csproj", "{1A8A7AD4-BB9E-42DB-8114-24CF0A0B16F1}"
EndProject
Project("{FAE04EC0-301F-11D3-BF4B-00C04F79EFBC}") = "Decorator", "Decorator\Decorator.csproj", "{0B68B0EF-83FB-4EC1-9747-E223358D3FA1}"
EndProject
Project("{FAE04EC0-301F-11D3-BF4B-00C04F79EFBC}") = "Builder", "Builder\Builder.csproj", "{D229776E-6712-4799-B512-2C03046EA461}"
EndProject
Project("{FAE04EC0-301F-11D3-BF4B-00C04F79EFBC}") = "State", "State\State.csproj", "{213440E5-FE84-40F9-BB49-9FA464AF90E9}"
EndProject
Project("{FAE04EC0-301F-11D3-BF4B-00C04F79EFBC}") = "Strategy", "Strategy\Strategy.csproj", "{87D827F7-F4C9-4831-8E3A-0A736986452E}"
EndProject
Project("{FAE04EC0-301F-11D3-BF4B-00C04F79EFBC}") = "Factory", "Factory\Factory.csproj", "{6C2D8C02-9BB7-4E0A-A187-F7E1069353D0}"
EndProject
Project("{FAE04EC0-301F-11D3-BF4B-00C04F79EFBC}") = "FlyWeight", "FlyWeight\FlyWeight.csproj", "{36A95DF7-CD14-4642-A04C-5831A6ECDD72}"
EndProject
Global
	GlobalSection(SolutionConfigurationPlatforms) = preSolution
		Debug|Any CPU = Debug|Any CPU
		Release|Any CPU = Release|Any CPU
	EndGlobalSection
	GlobalSection(ProjectConfigurationPlatforms) = postSolution
		{D9DAD770-CFF1-43C5-8DD7-DDE83ECBAA0F}.Debug|Any CPU.ActiveCfg = Debug|Any CPU
		{D9DAD770-CFF1-43C5-8DD7-DDE83ECBAA0F}.Debug|Any CPU.Build.0 = Debug|Any CPU
		{D9DAD770-CFF1-43C5-8DD7-DDE83ECBAA0F}.Release|Any CPU.ActiveCfg = Release|Any CPU
		{D9DAD770-CFF1-43C5-8DD7-DDE83ECBAA0F}.Release|Any CPU.Build.0 = Release|Any CPU
		{1A8A7AD4-BB9E-42DB-8114-24CF0A0B16F1}.Debug|Any CPU.ActiveCfg = Debug|Any CPU
		{1A8A7AD4-BB9E-42DB-8114-24CF0A0B16F1}.Debug|Any CPU.Build.0 = Debug|Any CPU
		{1A8A7AD4-BB9E-42DB-8114-24CF0A0B16F1}.Release|Any CPU.ActiveCfg = Release|Any CPU
		{1A8A7AD4-BB9E-42DB-8114-24CF0A0B16F1}.Release|Any CPU.Build.0 = Release|Any CPU
		{0B68B0EF-83FB-4EC1-9747-E223358D3FA1}.Debug|Any CPU.ActiveCfg = Debug|Any CPU
		{0B68B0EF-83FB-4EC1-9747-E223358D3FA1}.Debug|Any CPU.Build.0 = Debug|Any CPU
		{0B68B0EF-83FB-4EC1-9747-E223358D3FA1}.Release|Any CPU.ActiveCfg = Release|Any CPU
		{0B68B0EF-83FB-4EC1-9747-E223358D3FA1}.Release|Any CPU.Build.0 = Release|Any CPU
		{D229776E-6712-4799-B512-2C03046EA461}.Debug|Any CPU.ActiveCfg = Debug|Any CPU
		{D229776E-6712-4799-B512-2C03046EA461}.Debug|Any CPU.Build.0 = Debug|Any CPU
		{D229776E-6712-4799-B512-2C03046EA461}.Release|Any CPU.ActiveCfg = Release|Any CPU
		{D229776E-6712-4799-B512-2C03046EA461}.Release|Any CPU.Build.0 = Release|Any CPU
		{213440E5-FE84-40F9-BB49-9FA464AF90E9}.Debug|Any CPU.ActiveCfg = Debug|Any CPU
		{213440E5-FE84-40F9-BB49-9FA464AF90E9}.Debug|Any CPU.Build.0 = Debug|Any CPU
		{213440E5-FE84-40F9-BB49-9FA464AF90E9}.Release|Any CPU.ActiveCfg = Release|Any CPU
		{213440E5-FE84-40F9-BB49-9FA464AF90E9}.Release|Any CPU.Build.0 = Release|Any CPU
		{87D827F7-F4C9-4831-8E3A-0A736986452E}.Debug|Any CPU.ActiveCfg = Debug|Any CPU
		{87D827F7-F4C9-4831-8E3A-0A736986452E}.Debug|Any CPU.Build.0 = Debug|Any CPU
		{87D827F7-F4C9-4831-8E3A-0A736986452E}.Release|Any CPU.ActiveCfg = Release|Any CPU
		{87D827F7-F4C9-4831-8E3A-0A736986452E}.Release|Any CPU.Build.0 = Release|Any CPU
		{6C2D8C02-9BB7-4E0A-A187-F7E1069353D0}.Debug|Any CPU.ActiveCfg = Debug|Any CPU
		{6C2D8C02-9BB7-4E0A-A187-F7E1069353D0}.Debug|Any CPU.Build.0 = Debug|Any CPU
		{6C2D8C02-9BB7-4E0A-A187-F7E1069353D0}.Release|Any CPU.ActiveCfg = Release|Any CPU
		{6C2D8C02-9BB7-4E0A-A187-F7E1069353D0}.Release|Any CPU.Build.0 = Release|Any CPU
		{36A95DF7-CD14-4642-A04C-5831A6ECDD72}.Debug|Any CPU.ActiveCfg = Debug|Any CPU
		{36A95DF7-CD14-4642-A04C-5831A6ECDD72}.Debug|Any CPU.Build.0 = Debug|Any CPU
		{36A95DF7-CD14-4642-A04C-5831A6ECDD72}.Release|Any CPU.ActiveCfg = Release|Any CPU
		{36A95DF7-CD14-4642-A04C-5831A6ECDD72}.Release|Any CPU.Build.0 = Release|Any CPU
	EndGlobalSection
	GlobalSection(NestedProjects) = preSolution
		{D9DAD770-CFF1-43C5-8DD7-DDE83ECBAA0F} = {E337D543-F1F8-4B16-B3D0-EB5A2FD11B3D}
		{1A8A7AD4-BB9E-42DB-8114-24CF0A0B16F1} = {3825BE15-1F39-4E1F-BBA4-7F95C613428F}
		{0B68B0EF-83FB-4EC1-9747-E223358D3FA1} = {3825BE15-1F39-4E1F-BBA4-7F95C613428F}
		{D229776E-6712-4799-B512-2C03046EA461} = {030D4F49-ED34-4940-B77D-5DDD558289DC}
		{213440E5-FE84-40F9-BB49-9FA464AF90E9} = {E337D543-F1F8-4B16-B3D0-EB5A2FD11B3D}
		{87D827F7-F4C9-4831-8E3A-0A736986452E} = {E337D543-F1F8-4B16-B3D0-EB5A2FD11B3D}
		{6C2D8C02-9BB7-4E0A-A187-F7E1069353D0} = {030D4F49-ED34-4940-B77D-5DDD558289DC}
		{36A95DF7-CD14-4642-A04C-5831A6ECDD72} = {030D4F49-ED34-4940-B77D-5DDD558289DC}
	EndGlobalSection
EndGlobal
